
Microsoft Visual Studio Solution File, Format Version 12.00
# Visual Studio Version 17
VisualStudioVersion = 17.5.33530.505
MinimumVisualStudioVersion = 10.0.40219.1
Project("{FAE04EC0-301F-11D3-BF4B-00C04F79EFBC}") = "NotifyWebApp", "NotifyWebApp.csproj", "{BE094C59-EE70-4D10-91C5-FA3DAE8D8477}"
EndProject
Global
	GlobalSection(SolutionConfigurationPlatforms) = preSolution
		Debug|Any CPU = Debug|Any CPU
		Release|Any CPU = Release|Any CPU
	EndGlobalSection
	GlobalSection(ProjectConfigurationPlatforms) = postSolution
		{BE094C59-EE70-4D10-91C5-FA3DAE8D8477}.Debug|Any CPU.ActiveCfg = Debug|Any CPU
		{BE094C59-EE70-4D10-91C5-FA3DAE8D8477}.Debug|Any CPU.Build.0 = Debug|Any CPU
		{BE094C59-EE70-4D10-91C5-FA3DAE8D8477}.Release|Any CPU.ActiveCfg = Release|Any CPU
		{BE094C59-EE70-4D10-91C5-FA3DAE8D8477}.Release|Any CPU.Build.0 = Release|Any CPU
	EndGlobalSection
	GlobalSection(SolutionProperties) = preSolution
		HideSolutionNode = FALSE
	EndGlobalSection
	GlobalSection(ExtensibilityGlobals) = postSolution
		SolutionGuid = {4F30CA7D-6E73-455C-A843-9162EDDB893C}
	EndGlobalSection
EndGlobal
